// !$*UTF8*$!
{
	archiveVersion = 1;
	classes = {
	};
	objectVersion = 46;
	objects = {

/* Begin PBXBuildFile section */
		86BABBC81F6B13D500C6696D /* main.swift in Sources */ = {isa = PBXBuildFile; fileRef = 86BABBC71F6B13D500C6696D /* main.swift */; };
		86BABBD11F6B140700C6696D /* xxxMotorVehicle.swift in Sources */ = {isa = PBXBuildFile; fileRef = 86BABBD01F6B140700C6696D /* xxxMotorVehicle.swift */; };
		86BABBD31F6B141700C6696D /* xxxBoat.swift in Sources */ = {isa = PBXBuildFile; fileRef = 86BABBD21F6B141700C6696D /* xxxBoat.swift */; };
		86BABBD51F6B142500C6696D /* xxxCar.swift in Sources */ = {isa = PBXBuildFile; fileRef = 86BABBD41F6B142500C6696D /* xxxCar.swift */; };
		86BABBD71F6B14D000C6696D /* streetLegal.swift in Sources */ = {isa = PBXBuildFile; fileRef = 86BABBD61F6B14D000C6696D /* streetLegal.swift */; };
		86BABBD91F6B151300C6696D /* xxxbicycle.swift in Sources */ = {isa = PBXBuildFile; fileRef = 86BABBD81F6B151300C6696D /* xxxbicycle.swift */; };
		86BABBDD1F6B1D1500C6696D /* pedestrian.swift in Sources */ = {isa = PBXBuildFile; fileRef = 86BABBDC1F6B1D1500C6696D /* pedestrian.swift */; };
/* End PBXBuildFile section */

/* Begin PBXCopyFilesBuildPhase section */
		86BABBC21F6B13D500C6696D /* CopyFiles */ = {
			isa = PBXCopyFilesBuildPhase;
			buildActionMask = 2147483647;
			dstPath = /usr/share/man/man1/;
			dstSubfolderSpec = 0;
			files = (
			);
			runOnlyForDeploymentPostprocessing = 1;
		};
/* End PBXCopyFilesBuildPhase section */

/* Begin PBXFileReference section */
		86BABBC41F6B13D500C6696D /* Protocol */ = {isa = PBXFileReference; explicitFileType = "compiled.mach-o.executable"; includeInIndex = 0; path = Protocol; sourceTree = BUILT_PRODUCTS_DIR; };
		86BABBC71F6B13D500C6696D /* main.swift */ = {isa = PBXFileReference; lastKnownFileType = sourcecode.swift; path = main.swift; sourceTree = "<group>"; };
		86BABBD01F6B140700C6696D /* xxxMotorVehicle.swift */ = {isa = PBXFileReference; fileEncoding = 4; lastKnownFileType = sourcecode.swift; path = xxxMotorVehicle.swift; sourceTree = "<group>"; };
		86BABBD21F6B141700C6696D /* xxxBoat.swift */ = {isa = PBXFileReference; fileEncoding = 4; lastKnownFileType = sourcecode.swift; path = xxxBoat.swift; sourceTree = "<group>"; };
		86BABBD41F6B142500C6696D /* xxxCar.swift */ = {isa = PBXFileReference; fileEncoding = 4; lastKnownFileType = sourcecode.swift; path = xxxCar.swift; sourceTree = "<group>"; };
		86BABBD61F6B14D000C6696D /* streetLegal.swift */ = {isa = PBXFileReference; fileEncoding = 4; lastKnownFileType = sourcecode.swift; path = streetLegal.swift; sourceTree = "<group>"; };
		86BABBD81F6B151300C6696D /* xxxbicycle.swift */ = {isa = PBXFileReference; fileEncoding = 4; lastKnownFileType = sourcecode.swift; path = xxxbicycle.swift; sourceTree = "<group>"; };
		86BABBDC1F6B1D1500C6696D /* pedestrian.swift */ = {isa = PBXFileReference; fileEncoding = 4; lastKnownFileType = sourcecode.swift; name = pedestrian.swift; path = ../pedestrian.swift; sourceTree = "<group>"; };
/* End PBXFileReference section */

/* Begin PBXFrameworksBuildPhase section */
		86BABBC11F6B13D500C6696D /* Frameworks */ = {
			isa = PBXFrameworksBuildPhase;
			buildActionMask = 2147483647;
			files = (
			);
			runOnlyForDeploymentPostprocessing = 0;
		};
/* End PBXFrameworksBuildPhase section */

/* Begin PBXGroup section */
		86BABBBB1F6B13D500C6696D = {
			isa = PBXGroup;
			children = (
				86BABBC61F6B13D500C6696D /* Protocol */,
				86BABBC51F6B13D500C6696D /* Products */,
			);
			sourceTree = "<group>";
		};
		86BABBC51F6B13D500C6696D /* Products */ = {
			isa = PBXGroup;
			children = (
				86BABBC41F6B13D500C6696D /* Protocol */,
			);
			name = Products;
			sourceTree = "<group>";
		};
		86BABBC61F6B13D500C6696D /* Protocol */ = {
			isa = PBXGroup;
			children = (
				86BABBDC1F6B1D1500C6696D /* pedestrian.swift */,
				86BABBC71F6B13D500C6696D /* main.swift */,
				86BABBD01F6B140700C6696D /* xxxMotorVehicle.swift */,
				86BABBD61F6B14D000C6696D /* streetLegal.swift */,
				86BABBD21F6B141700C6696D /* xxxBoat.swift */,
				86BABBD41F6B142500C6696D /* xxxCar.swift */,
				86BABBD81F6B151300C6696D /* xxxbicycle.swift */,
			);
			path = Protocol;
			sourceTree = "<group>";
		};
/* End PBXGroup section */

/* Begin PBXNativeTarget section */
		86BABBC31F6B13D500C6696D /* Protocol */ = {
			isa = PBXNativeTarget;
			buildConfigurationList = 86BABBCB1F6B13D500C6696D /* Build configuration list for PBXNativeTarget "Protocol" */;
			buildPhases = (
				86BABBC01F6B13D500C6696D /* Sources */,
				86BABBC11F6B13D500C6696D /* Frameworks */,
				86BABBC21F6B13D500C6696D /* CopyFiles */,
			);
			buildRules = (
			);
			dependencies = (
			);
			name = Protocol;
			productName = Protocol;
			productReference = 86BABBC41F6B13D500C6696D /* Protocol */;
			productType = "com.apple.product-type.tool";
		};
/* End PBXNativeTarget section */

/* Begin PBXProject section */
		86BABBBC1F6B13D500C6696D /* Project object */ = {
			isa = PBXProject;
			attributes = {
				LastSwiftUpdateCheck = 0830;
				LastUpgradeCheck = 0830;
				ORGANIZATIONNAME = "Lei Liu";
				TargetAttributes = {
					86BABBC31F6B13D500C6696D = {
						CreatedOnToolsVersion = 8.3.3;
						DevelopmentTeam = 7JTHPQA3Z9;
						ProvisioningStyle = Automatic;
					};
				};
			};
			buildConfigurationList = 86BABBBF1F6B13D500C6696D /* Build configuration list for PBXProject "Protocol" */;
			compatibilityVersion = "Xcode 3.2";
			developmentRegion = English;
			hasScannedForEncodings = 0;
			knownRegions = (
				en,
			);
			mainGroup = 86BABBBB1F6B13D500C6696D;
			productRefGroup = 86BABBC51F6B13D500C6696D /* Products */;
			projectDirPath = "";
			projectRoot = "";
			targets = (
				86BABBC31F6B13D500C6696D /* Protocol */,
			);
		};
/* End PBXProject section */

/* Begin PBXSourcesBuildPhase section */
		86BABBC01F6B13D500C6696D /* Sources */ = {
			isa = PBXSourcesBuildPhase;
			buildActionMask = 2147483647;
			files = (
				86BABBD71F6B14D000C6696D /* streetLegal.swift in Sources */,
				86BABBC81F6B13D500C6696D /* main.swift in Sources */,
				86BABBDD1F6B1D1500C6696D /* pedestrian.swift in Sources */,
				86BABBD51F6B142500C6696D /* xxxCar.swift in Sources */,
				86BABBD31F6B141700C6696D /* xxxBoat.swift in Sources */,
				86BABBD91F6B151300C6696D /* xxxbicycle.swift in Sources */,
				86BABBD11F6B140700C6696D /* xxxMotorVehicle.swift in Sources */,
			);
			runOnlyForDeploymentPostprocessing = 0;
		};
/* End PBXSourcesBuildPhase section */

/* Begin XCBuildConfiguration section */
		86BABBC91F6B13D500C6696D /* Debug */ = {
			isa = XCBuildConfiguration;
			buildSettings = {
				ALWAYS_SEARCH_USER_PATHS = NO;
				CLANG_ANALYZER_NONNULL = YES;
				CLANG_ANALYZER_NUMBER_OBJECT_CONVERSION = YES_AGGRESSIVE;
				CLANG_CXX_LANGUAGE_STANDARD = "gnu++0x";
				CLANG_CXX_LIBRARY = "libc++";
				CLANG_ENABLE_MODULES = YES;
				CLANG_ENABLE_OBJC_ARC = YES;
				CLANG_WARN_BOOL_CONVERSION = YES;
				CLANG_WARN_CONSTANT_CONVERSION = YES;
				CLANG_WARN_DIRECT_OBJC_ISA_USAGE = YES_ERROR;
				CLANG_WARN_DOCUMENTATION_COMMENTS = YES;
				CLANG_WARN_EMPTY_BODY = YES;
				CLANG_WARN_ENUM_CONVERSION = YES;
				CLANG_WARN_INFINITE_RECURSION = YES;
				CLANG_WARN_INT_CONVERSION = YES;
				CLANG_WARN_OBJC_ROOT_CLASS = YES_ERROR;
				CLANG_WARN_SUSPICIOUS_MOVE = YES;
				CLANG_WARN_UNREACHABLE_CODE = YES;
				CLANG_WARN__DUPLICATE_METHOD_MATCH = YES;
				CODE_SIGN_IDENTITY = "-";
				COPY_PHASE_STRIP = NO;
				DEBUG_INFORMATION_FORMAT = dwarf;
				ENABLE_STRICT_OBJC_MSGSEND = YES;
				ENABLE_TESTABILITY = YES;
				GCC_C_LANGUAGE_STANDARD = gnu99;
				GCC_DYNAMIC_NO_PIC = NO;
				GCC_NO_COMMON_BLOCKS = YES;
				GCC_OPTIMIZATION_LEVEL = 0;
				GCC_PREPROCESSOR_DEFINITIONS = (
					"DEBUG=1",
					"$(inherited)",
				);
				GCC_WARN_64_TO_32_BIT_CONVERSION = YES;
				GCC_WARN_ABOUT_RETURN_TYPE = YES_ERROR;
				GCC_WARN_UNDECLARED_SELECTOR = YES;
				GCC_WARN_UNINITIALIZED_AUTOS = YES_AGGRESSIVE;
				GCC_WARN_UNUSED_FUNCTION = YES;
				GCC_WARN_UNUSED_VARIABLE = YES;
				MACOSX_DEPLOYMENT_TARGET = 10.12;
				MTL_ENABLE_DEBUG_INFO = YES;
				ONLY_ACTIVE_ARCH = YES;
				SDKROOT = macosx;
				SWIFT_OPTIMIZATION_LEVEL = "-Onone";
			};
			name = Debug;
		};
		86BABBCA1F6B13D500C6696D /* Release */ = {
			isa = XCBuildConfiguration;
			buildSettings = {
				ALWAYS_SEARCH_USER_PATHS = NO;
				CLANG_ANALYZER_NONNULL = YES;
				CLANG_ANALYZER_NUMBER_OBJECT_CONVERSION = YES_AGGRESSIVE;
				CLANG_CXX_LANGUAGE_STANDARD = "gnu++0x";
				CLANG_CXX_LIBRARY = "libc++";
				CLANG_ENABLE_MODULES = YES;
				CLANG_ENABLE_OBJC_ARC = YES;
				CLANG_WARN_BOOL_CONVERSION = YES;
				CLANG_WARN_CONSTANT_CONVERSION = YES;
				CLANG_WARN_DIRECT_OBJC_ISA_USAGE = YES_ERROR;
				CLANG_WARN_DOCUMENTATION_COMMENTS = YES;
				CLANG_WARN_EMPTY_BODY = YES;
				CLANG_WARN_ENUM_CONVERSION = YES;
				CLANG_WARN_INFINITE_RECURSION = YES;
				CLANG_WARN_INT_CONVERSION = YES;
				CLANG_WARN_OBJC_ROOT_CLASS = YES_ERROR;
				CLANG_WARN_SUSPICIOUS_MOVE = YES;
				CLANG_WARN_UNREACHABLE_CODE = YES;
				CLANG_WARN__DUPLICATE_METHOD_MATCH = YES;
				CODE_SIGN_IDENTITY = "-";
				COPY_PHASE_STRIP = NO;
				DEBUG_INFORMATION_FORMAT = "dwarf-with-dsym";
				ENABLE_NS_ASSERTIONS = NO;
				ENABLE_STRICT_OBJC_MSGSEND = YES;
				GCC_C_LANGUAGE_STANDARD = gnu99;
				GCC_NO_COMMON_BLOCKS = YES;
				GCC_WARN_64_TO_32_BIT_CONVERSION = YES;
				GCC_WARN_ABOUT_RETURN_TYPE = YES_ERROR;
				GCC_WARN_UNDECLARED_SELECTOR = YES;
				GCC_WARN_UNINITIALIZED_AUTOS = YES_AGGRESSIVE;
				GCC_WARN_UNUSED_FUNCTION = YES;
				GCC_WARN_UNUSED_VARIABLE = YES;
				MACOSX_DEPLOYMENT_TARGET = 10.12;
				MTL_ENABLE_DEBUG_INFO = NO;
				SDKROOT = macosx;
			};
			name = Release;
		};
		86BABBCC1F6B13D500C6696D /* Debug */ = {
			isa = XCBuildConfiguration;
			buildSettings = {
				DEVELOPMENT_TEAM = 7JTHPQA3Z9;
				PRODUCT_NAME = "$(TARGET_NAME)";
				SWIFT_VERSION = 3.0;
			};
			name = Debug;
		};
		86BABBCD1F6B13D500C6696D /* Release */ = {
			isa = XCBuildConfiguration;
			buildSettings = {
				DEVELOPMENT_TEAM = 7JTHPQA3Z9;
				PRODUCT_NAME = "$(TARGET_NAME)";
				SWIFT_VERSION = 3.0;
			};
			name = Release;
		};
/* End XCBuildConfiguration section */

/* Begin XCConfigurationList section */
		86BABBBF1F6B13D500C6696D /* Build configuration list for PBXProject "Protocol" */ = {
			isa = XCConfigurationList;
			buildConfigurations = (
				86BABBC91F6B13D500C6696D /* Debug */,
				86BABBCA1F6B13D500C6696D /* Release */,
			);
			defaultConfigurationIsVisible = 0;
			defaultConfigurationName = Release;
		};
		86BABBCB1F6B13D500C6696D /* Build configuration list for PBXNativeTarget "Protocol" */ = {
			isa = XCConfigurationList;
			buildConfigurations = (
				86BABBCC1F6B13D500C6696D /* Debug */,
				86BABBCD1F6B13D500C6696D /* Release */,
			);
			defaultConfigurationIsVisible = 0;
		};
/* End XCConfigurationList section */
	};
	rootObject = 86BABBBC1F6B13D500C6696D /* Project object */;
}
